
Microsoft Visual Studio Solution File, Format Version 12.00
# Visual Studio Version 17
VisualStudioVersion = 17.8.34525.116
MinimumVisualStudioVersion = 10.0.40219.1
Project("{FAE04EC0-301F-11D3-BF4B-00C04F79EFBC}") = "testcase", "testcase\testcase.csproj", "{126CCE1C-6A44-4E8E-8950-B5E671413173}"
EndProject
Global
	GlobalSection(SolutionConfigurationPlatforms) = preSolution
		Debug|Any CPU = Debug|Any CPU
		Release|Any CPU = Release|Any CPU
	EndGlobalSection
	GlobalSection(ProjectConfigurationPlatforms) = postSolution
		{126CCE1C-6A44-4E8E-8950-B5E671413173}.Debug|Any CPU.ActiveCfg = Debug|Any CPU
		{126CCE1C-6A44-4E8E-8950-B5E671413173}.Debug|Any CPU.Build.0 = Debug|Any CPU
		{126CCE1C-6A44-4E8E-8950-B5E671413173}.Release|Any CPU.ActiveCfg = Release|Any CPU
		{126CCE1C-6A44-4E8E-8950-B5E671413173}.Release|Any CPU.Build.0 = Release|Any CPU
	EndGlobalSection
	GlobalSection(SolutionProperties) = preSolution
		HideSolutionNode = FALSE
	EndGlobalSection
	GlobalSection(ExtensibilityGlobals) = postSolution
		SolutionGuid = {8AADAFF6-5451-47D4-8238-24BC48C1B9E2}
	EndGlobalSection
EndGlobal
